
Microsoft Visual Studio Solution File, Format Version 12.00
# Visual Studio Version 17
VisualStudioVersion = 17.7.34202.233
MinimumVisualStudioVersion = 10.0.40219.1
Project("{FAE04EC0-301F-11D3-BF4B-00C04F79EFBC}") = "RobertoChaves_Prueba2_3Cuatri_2023", "RobertoChaves_Prueba2_3Cuatri_2023\RobertoChaves_Prueba2_3Cuatri_2023.csproj", "{15B38024-BAC2-48AE-B43B-568AB3D4DB9D}"
EndProject
Global
	GlobalSection(SolutionConfigurationPlatforms) = preSolution
		Debug|Any CPU = Debug|Any CPU
		Release|Any CPU = Release|Any CPU
	EndGlobalSection
	GlobalSection(ProjectConfigurationPlatforms) = postSolution
		{15B38024-BAC2-48AE-B43B-568AB3D4DB9D}.Debug|Any CPU.ActiveCfg = Debug|Any CPU
		{15B38024-BAC2-48AE-B43B-568AB3D4DB9D}.Debug|Any CPU.Build.0 = Debug|Any CPU
		{15B38024-BAC2-48AE-B43B-568AB3D4DB9D}.Release|Any CPU.ActiveCfg = Release|Any CPU
		{15B38024-BAC2-48AE-B43B-568AB3D4DB9D}.Release|Any CPU.Build.0 = Release|Any CPU
	EndGlobalSection
	GlobalSection(SolutionProperties) = preSolution
		HideSolutionNode = FALSE
	EndGlobalSection
	GlobalSection(ExtensibilityGlobals) = postSolution
		SolutionGuid = {6463A4CD-5064-42F1-BC25-2F4759720C7D}
	EndGlobalSection
EndGlobal
